
Microsoft Visual Studio Solution File, Format Version 12.00
# Visual Studio Version 17
VisualStudioVersion = 17.0.31612.314
MinimumVisualStudioVersion = 10.0.40219.1
Project("{888888A0-9F3D-457C-B088-3A5042F75D52}") = "AutoHCS", "AutoHCS\AutoHCS.pyproj", "{DF4A7A39-5258-428D-8A8D-D86C3AE53433}"
EndProject
Global
	GlobalSection(SolutionConfigurationPlatforms) = preSolution
		Debug|Any CPU = Debug|Any CPU
		Release|Any CPU = Release|Any CPU
	EndGlobalSection
	GlobalSection(ProjectConfigurationPlatforms) = postSolution
		{DF4A7A39-5258-428D-8A8D-D86C3AE53433}.Debug|Any CPU.ActiveCfg = Release|Any CPU
		{DF4A7A39-5258-428D-8A8D-D86C3AE53433}.Release|Any CPU.ActiveCfg = Release|Any CPU
	EndGlobalSection
	GlobalSection(SolutionProperties) = preSolution
		HideSolutionNode = FALSE
	EndGlobalSection
	GlobalSection(ExtensibilityGlobals) = postSolution
		SolutionGuid = {89CB414D-7A58-4CD5-8338-F9A7B91447D0}
	EndGlobalSection
EndGlobal
